// !$*UTF8*$!
{
	archiveVersion = 1;
	classes = {
	};
	objectVersion = 55;
	objects = {

/* Begin PBXBuildFile section */
		065DD78A28826C0600AFE5D8 /* AppDelegate.swift in Sources */ = {isa = PBXBuildFile; fileRef = 065DD78928826C0600AFE5D8 /* AppDelegate.swift */; };
		065DD78C28826C0600AFE5D8 /* SceneDelegate.swift in Sources */ = {isa = PBXBuildFile; fileRef = 065DD78B28826C0600AFE5D8 /* SceneDelegate.swift */; };
		065DD78E28826C0600AFE5D8 /* MyDeliveryViewController.swift in Sources */ = {isa = PBXBuildFile; fileRef = 065DD78D28826C0600AFE5D8 /* MyDeliveryViewController.swift */; };
		065DD79428826C0600AFE5D8 /* DeliveryDisplay.xcdatamodeld in Sources */ = {isa = PBXBuildFile; fileRef = 065DD79228826C0600AFE5D8 /* DeliveryDisplay.xcdatamodeld */; };
		065DD79628826C0800AFE5D8 /* Assets.xcassets in Resources */ = {isa = PBXBuildFile; fileRef = 065DD79528826C0800AFE5D8 /* Assets.xcassets */; };
		065DD79928826C0800AFE5D8 /* LaunchScreen.storyboard in Resources */ = {isa = PBXBuildFile; fileRef = 065DD79728826C0800AFE5D8 /* LaunchScreen.storyboard */; };
		065DD7A428826C0900AFE5D8 /* DeliveryDisplayTests.swift in Sources */ = {isa = PBXBuildFile; fileRef = 065DD7A328826C0900AFE5D8 /* DeliveryDisplayTests.swift */; };
		065DD7AE28826C0900AFE5D8 /* DeliveryDisplayUITests.swift in Sources */ = {isa = PBXBuildFile; fileRef = 065DD7AD28826C0900AFE5D8 /* DeliveryDisplayUITests.swift */; };
		065DD7B028826C0900AFE5D8 /* DeliveryDisplayUITestsLaunchTests.swift in Sources */ = {isa = PBXBuildFile; fileRef = 065DD7AF28826C0900AFE5D8 /* DeliveryDisplayUITestsLaunchTests.swift */; };
		065DD7C2288288F400AFE5D8 /* MyDeliveryViewModel.swift in Sources */ = {isa = PBXBuildFile; fileRef = 065DD7C1288288F400AFE5D8 /* MyDeliveryViewModel.swift */; };
		065DD7C42882890700AFE5D8 /* MyDeliveryService.swift in Sources */ = {isa = PBXBuildFile; fileRef = 065DD7C32882890700AFE5D8 /* MyDeliveryService.swift */; };
		065DD7C728828C0B00AFE5D8 /* deliveries.json in Resources */ = {isa = PBXBuildFile; fileRef = 065DD7C628828C0B00AFE5D8 /* deliveries.json */; };
		065DD7CA2882912D00AFE5D8 /* Constants.swift in Sources */ = {isa = PBXBuildFile; fileRef = 065DD7C92882912D00AFE5D8 /* Constants.swift */; };
		065DD7CD2882920000AFE5D8 /* MyDeliveryModel.swift in Sources */ = {isa = PBXBuildFile; fileRef = 065DD7CC2882920000AFE5D8 /* MyDeliveryModel.swift */; };
		065DD7D22882985E00AFE5D8 /* NetworkService.swift in Sources */ = {isa = PBXBuildFile; fileRef = 065DD7D12882985E00AFE5D8 /* NetworkService.swift */; };
		0671E9102882ECAF003190D9 /* MyDeliveryTableViewCell.swift in Sources */ = {isa = PBXBuildFile; fileRef = 0671E90F2882ECAF003190D9 /* MyDeliveryTableViewCell.swift */; };
		0671E9122882F3DF003190D9 /* Extension.swift in Sources */ = {isa = PBXBuildFile; fileRef = 0671E9112882F3DF003190D9 /* Extension.swift */; };
		0671E9142883AB60003190D9 /* MyDeliveryCellModel.swift in Sources */ = {isa = PBXBuildFile; fileRef = 0671E9132883AB60003190D9 /* MyDeliveryCellModel.swift */; };
/* End PBXBuildFile section */

/* Begin PBXContainerItemProxy section */
		065DD7A028826C0900AFE5D8 /* PBXContainerItemProxy */ = {
			isa = PBXContainerItemProxy;
			containerPortal = 065DD77E28826C0600AFE5D8 /* Project object */;
			proxyType = 1;
			remoteGlobalIDString = 065DD78528826C0600AFE5D8;
			remoteInfo = DeliveryDisplay;
		};
		065DD7AA28826C0900AFE5D8 /* PBXContainerItemProxy */ = {
			isa = PBXContainerItemProxy;
			containerPortal = 065DD77E28826C0600AFE5D8 /* Project object */;
			proxyType = 1;
			remoteGlobalIDString = 065DD78528826C0600AFE5D8;
			remoteInfo = DeliveryDisplay;
		};
/* End PBXContainerItemProxy section */

/* Begin PBXFileReference section */
		065DD78628826C0600AFE5D8 /* DeliveryDisplay.app */ = {isa = PBXFileReference; explicitFileType = wrapper.application; includeInIndex = 0; path = DeliveryDisplay.app; sourceTree = BUILT_PRODUCTS_DIR; };
		065DD78928826C0600AFE5D8 /* AppDelegate.swift */ = {isa = PBXFileReference; lastKnownFileType = sourcecode.swift; path = AppDelegate.swift; sourceTree = "<group>"; };
		065DD78B28826C0600AFE5D8 /* SceneDelegate.swift */ = {isa = PBXFileReference; lastKnownFileType = sourcecode.swift; path = SceneDelegate.swift; sourceTree = "<group>"; };
		065DD78D28826C0600AFE5D8 /* MyDeliveryViewController.swift */ = {isa = PBXFileReference; lastKnownFileType = sourcecode.swift; path = MyDeliveryViewController.swift; sourceTree = "<group>"; };
		065DD79328826C0600AFE5D8 /* DeliveryDisplay.xcdatamodel */ = {isa = PBXFileReference; lastKnownFileType = wrapper.xcdatamodel; path = DeliveryDisplay.xcdatamodel; sourceTree = "<group>"; };
		065DD79528826C0800AFE5D8 /* Assets.xcassets */ = {isa = PBXFileReference; lastKnownFileType = folder.assetcatalog; path = Assets.xcassets; sourceTree = "<group>"; };
		065DD79828826C0800AFE5D8 /* Base */ = {isa = PBXFileReference; lastKnownFileType = file.storyboard; name = Base; path = Base.lproj/LaunchScreen.storyboard; sourceTree = "<group>"; };
		065DD79A28826C0800AFE5D8 /* Info.plist */ = {isa = PBXFileReference; lastKnownFileType = text.plist.xml; path = Info.plist; sourceTree = "<group>"; };
		065DD79F28826C0900AFE5D8 /* DeliveryDisplayTests.xctest */ = {isa = PBXFileReference; explicitFileType = wrapper.cfbundle; includeInIndex = 0; path = DeliveryDisplayTests.xctest; sourceTree = BUILT_PRODUCTS_DIR; };
		065DD7A328826C0900AFE5D8 /* DeliveryDisplayTests.swift */ = {isa = PBXFileReference; lastKnownFileType = sourcecode.swift; path = DeliveryDisplayTests.swift; sourceTree = "<group>"; };
		065DD7A928826C0900AFE5D8 /* DeliveryDisplayUITests.xctest */ = {isa = PBXFileReference; explicitFileType = wrapper.cfbundle; includeInIndex = 0; path = DeliveryDisplayUITests.xctest; sourceTree = BUILT_PRODUCTS_DIR; };
		065DD7AD28826C0900AFE5D8 /* DeliveryDisplayUITests.swift */ = {isa = PBXFileReference; lastKnownFileType = sourcecode.swift; path = DeliveryDisplayUITests.swift; sourceTree = "<group>"; };
		065DD7AF28826C0900AFE5D8 /* DeliveryDisplayUITestsLaunchTests.swift */ = {isa = PBXFileReference; lastKnownFileType = sourcecode.swift; path = DeliveryDisplayUITestsLaunchTests.swift; sourceTree = "<group>"; };
		065DD7C1288288F400AFE5D8 /* MyDeliveryViewModel.swift */ = {isa = PBXFileReference; lastKnownFileType = sourcecode.swift; path = MyDeliveryViewModel.swift; sourceTree = "<group>"; };
		065DD7C32882890700AFE5D8 /* MyDeliveryService.swift */ = {isa = PBXFileReference; lastKnownFileType = sourcecode.swift; path = MyDeliveryService.swift; sourceTree = "<group>"; };
		065DD7C628828C0B00AFE5D8 /* deliveries.json */ = {isa = PBXFileReference; fileEncoding = 4; lastKnownFileType = text.json; path = deliveries.json; sourceTree = "<group>"; };
		065DD7C92882912D00AFE5D8 /* Constants.swift */ = {isa = PBXFileReference; lastKnownFileType = sourcecode.swift; path = Constants.swift; sourceTree = "<group>"; };
		065DD7CC2882920000AFE5D8 /* MyDeliveryModel.swift */ = {isa = PBXFileReference; lastKnownFileType = sourcecode.swift; path = MyDeliveryModel.swift; sourceTree = "<group>"; };
		065DD7D12882985E00AFE5D8 /* NetworkService.swift */ = {isa = PBXFileReference; lastKnownFileType = sourcecode.swift; path = NetworkService.swift; sourceTree = "<group>"; };
		0671E90F2882ECAF003190D9 /* MyDeliveryTableViewCell.swift */ = {isa = PBXFileReference; lastKnownFileType = sourcecode.swift; path = MyDeliveryTableViewCell.swift; sourceTree = "<group>"; };
		0671E9112882F3DF003190D9 /* Extension.swift */ = {isa = PBXFileReference; lastKnownFileType = sourcecode.swift; path = Extension.swift; sourceTree = "<group>"; };
		0671E9132883AB60003190D9 /* MyDeliveryCellModel.swift */ = {isa = PBXFileReference; lastKnownFileType = sourcecode.swift; path = MyDeliveryCellModel.swift; sourceTree = "<group>"; };
/* End PBXFileReference section */

/* Begin PBXFrameworksBuildPhase section */
		065DD78328826C0600AFE5D8 /* Frameworks */ = {
			isa = PBXFrameworksBuildPhase;
			buildActionMask = 2147483647;
			files = (
			);
			runOnlyForDeploymentPostprocessing = 0;
		};
		065DD79C28826C0900AFE5D8 /* Frameworks */ = {
			isa = PBXFrameworksBuildPhase;
			buildActionMask = 2147483647;
			files = (
			);
			runOnlyForDeploymentPostprocessing = 0;
		};
		065DD7A628826C0900AFE5D8 /* Frameworks */ = {
			isa = PBXFrameworksBuildPhase;
			buildActionMask = 2147483647;
			files = (
			);
			runOnlyForDeploymentPostprocessing = 0;
		};
/* End PBXFrameworksBuildPhase section */

/* Begin PBXGroup section */
		065DD77D28826C0600AFE5D8 = {
			isa = PBXGroup;
			children = (
				065DD78828826C0600AFE5D8 /* DeliveryDisplay */,
				065DD7A228826C0900AFE5D8 /* DeliveryDisplayTests */,
				065DD7AC28826C0900AFE5D8 /* DeliveryDisplayUITests */,
				065DD78728826C0600AFE5D8 /* Products */,
			);
			sourceTree = "<group>";
		};
		065DD78728826C0600AFE5D8 /* Products */ = {
			isa = PBXGroup;
			children = (
				065DD78628826C0600AFE5D8 /* DeliveryDisplay.app */,
				065DD79F28826C0900AFE5D8 /* DeliveryDisplayTests.xctest */,
				065DD7A928826C0900AFE5D8 /* DeliveryDisplayUITests.xctest */,
			);
			name = Products;
			sourceTree = "<group>";
		};
		065DD78828826C0600AFE5D8 /* DeliveryDisplay */ = {
			isa = PBXGroup;
			children = (
				065DD7D02882984100AFE5D8 /* Network */,
				065DD7C82882910B00AFE5D8 /* Utilities */,
				065DD7C528828BFB00AFE5D8 /* JSON */,
				065DD7BC2882887B00AFE5D8 /* MyDelivery */,
				065DD78928826C0600AFE5D8 /* AppDelegate.swift */,
				065DD78B28826C0600AFE5D8 /* SceneDelegate.swift */,
				065DD79528826C0800AFE5D8 /* Assets.xcassets */,
				065DD79728826C0800AFE5D8 /* LaunchScreen.storyboard */,
				065DD79A28826C0800AFE5D8 /* Info.plist */,
				065DD79228826C0600AFE5D8 /* DeliveryDisplay.xcdatamodeld */,
			);
			path = DeliveryDisplay;
			sourceTree = "<group>";
		};
		065DD7A228826C0900AFE5D8 /* DeliveryDisplayTests */ = {
			isa = PBXGroup;
			children = (
				065DD7A328826C0900AFE5D8 /* DeliveryDisplayTests.swift */,
			);
			path = DeliveryDisplayTests;
			sourceTree = "<group>";
		};
		065DD7AC28826C0900AFE5D8 /* DeliveryDisplayUITests */ = {
			isa = PBXGroup;
			children = (
				065DD7AD28826C0900AFE5D8 /* DeliveryDisplayUITests.swift */,
				065DD7AF28826C0900AFE5D8 /* DeliveryDisplayUITestsLaunchTests.swift */,
			);
			path = DeliveryDisplayUITests;
			sourceTree = "<group>";
		};
		065DD7BC2882887B00AFE5D8 /* MyDelivery */ = {
			isa = PBXGroup;
			children = (
				065DD7CB288291EE00AFE5D8 /* Model */,
				065DD7BF288288C700AFE5D8 /* Service */,
				065DD7BE2882889900AFE5D8 /* ViewModel */,
				065DD7BD2882888D00AFE5D8 /* ViewController */,
			);
			path = MyDelivery;
			sourceTree = "<group>";
		};
		065DD7BD2882888D00AFE5D8 /* ViewController */ = {
			isa = PBXGroup;
			children = (
				065DD78D28826C0600AFE5D8 /* MyDeliveryViewController.swift */,
				0671E90F2882ECAF003190D9 /* MyDeliveryTableViewCell.swift */,
			);
			path = ViewController;
			sourceTree = "<group>";
		};
		065DD7BE2882889900AFE5D8 /* ViewModel */ = {
			isa = PBXGroup;
			children = (
				065DD7C1288288F400AFE5D8 /* MyDeliveryViewModel.swift */,
			);
			path = ViewModel;
			sourceTree = "<group>";
		};
		065DD7BF288288C700AFE5D8 /* Service */ = {
			isa = PBXGroup;
			children = (
				065DD7C32882890700AFE5D8 /* MyDeliveryService.swift */,
			);
			path = Service;
			sourceTree = "<group>";
		};
		065DD7C528828BFB00AFE5D8 /* JSON */ = {
			isa = PBXGroup;
			children = (
				065DD7C628828C0B00AFE5D8 /* deliveries.json */,
			);
			path = JSON;
			sourceTree = "<group>";
		};
		065DD7C82882910B00AFE5D8 /* Utilities */ = {
			isa = PBXGroup;
			children = (
				065DD7C92882912D00AFE5D8 /* Constants.swift */,
				0671E9112882F3DF003190D9 /* Extension.swift */,
			);
			path = Utilities;
			sourceTree = "<group>";
		};
		065DD7CB288291EE00AFE5D8 /* Model */ = {
			isa = PBXGroup;
			children = (
				065DD7CC2882920000AFE5D8 /* MyDeliveryModel.swift */,
				0671E9132883AB60003190D9 /* MyDeliveryCellModel.swift */,
			);
			path = Model;
			sourceTree = "<group>";
		};
		065DD7D02882984100AFE5D8 /* Network */ = {
			isa = PBXGroup;
			children = (
				065DD7D12882985E00AFE5D8 /* NetworkService.swift */,
			);
			path = Network;
			sourceTree = "<group>";
		};
/* End PBXGroup section */

/* Begin PBXNativeTarget section */
		065DD78528826C0600AFE5D8 /* DeliveryDisplay */ = {
			isa = PBXNativeTarget;
			buildConfigurationList = 065DD7B328826C0900AFE5D8 /* Build configuration list for PBXNativeTarget "DeliveryDisplay" */;
			buildPhases = (
				065DD78228826C0600AFE5D8 /* Sources */,
				065DD78328826C0600AFE5D8 /* Frameworks */,
				065DD78428826C0600AFE5D8 /* Resources */,
			);
			buildRules = (
			);
			dependencies = (
			);
			name = DeliveryDisplay;
			productName = DeliveryDisplay;
			productReference = 065DD78628826C0600AFE5D8 /* DeliveryDisplay.app */;
			productType = "com.apple.product-type.application";
		};
		065DD79E28826C0900AFE5D8 /* DeliveryDisplayTests */ = {
			isa = PBXNativeTarget;
			buildConfigurationList = 065DD7B628826C0900AFE5D8 /* Build configuration list for PBXNativeTarget "DeliveryDisplayTests" */;
			buildPhases = (
				065DD79B28826C0900AFE5D8 /* Sources */,
				065DD79C28826C0900AFE5D8 /* Frameworks */,
				065DD79D28826C0900AFE5D8 /* Resources */,
			);
			buildRules = (
			);
			dependencies = (
				065DD7A128826C0900AFE5D8 /* PBXTargetDependency */,
			);
			name = DeliveryDisplayTests;
			productName = DeliveryDisplayTests;
			productReference = 065DD79F28826C0900AFE5D8 /* DeliveryDisplayTests.xctest */;
			productType = "com.apple.product-type.bundle.unit-test";
		};
		065DD7A828826C0900AFE5D8 /* DeliveryDisplayUITests */ = {
			isa = PBXNativeTarget;
			buildConfigurationList = 065DD7B928826C0900AFE5D8 /* Build configuration list for PBXNativeTarget "DeliveryDisplayUITests" */;
			buildPhases = (
				065DD7A528826C0900AFE5D8 /* Sources */,
				065DD7A628826C0900AFE5D8 /* Frameworks */,
				065DD7A728826C0900AFE5D8 /* Resources */,
			);
			buildRules = (
			);
			dependencies = (
				065DD7AB28826C0900AFE5D8 /* PBXTargetDependency */,
			);
			name = DeliveryDisplayUITests;
			productName = DeliveryDisplayUITests;
			productReference = 065DD7A928826C0900AFE5D8 /* DeliveryDisplayUITests.xctest */;
			productType = "com.apple.product-type.bundle.ui-testing";
		};
/* End PBXNativeTarget section */

/* Begin PBXProject section */
		065DD77E28826C0600AFE5D8 /* Project object */ = {
			isa = PBXProject;
			attributes = {
				BuildIndependentTargetsInParallel = 1;
				LastSwiftUpdateCheck = 1320;
				LastUpgradeCheck = 1320;
				TargetAttributes = {
					065DD78528826C0600AFE5D8 = {
						CreatedOnToolsVersion = 13.2.1;
					};
					065DD79E28826C0900AFE5D8 = {
						CreatedOnToolsVersion = 13.2.1;
						TestTargetID = 065DD78528826C0600AFE5D8;
					};
					065DD7A828826C0900AFE5D8 = {
						CreatedOnToolsVersion = 13.2.1;
						TestTargetID = 065DD78528826C0600AFE5D8;
					};
				};
			};
			buildConfigurationList = 065DD78128826C0600AFE5D8 /* Build configuration list for PBXProject "DeliveryDisplay" */;
			compatibilityVersion = "Xcode 13.0";
			developmentRegion = en;
			hasScannedForEncodings = 0;
			knownRegions = (
				en,
				Base,
			);
			mainGroup = 065DD77D28826C0600AFE5D8;
			productRefGroup = 065DD78728826C0600AFE5D8 /* Products */;
			projectDirPath = "";
			projectRoot = "";
			targets = (
				065DD78528826C0600AFE5D8 /* DeliveryDisplay */,
				065DD79E28826C0900AFE5D8 /* DeliveryDisplayTests */,
				065DD7A828826C0900AFE5D8 /* DeliveryDisplayUITests */,
			);
		};
/* End PBXProject section */

/* Begin PBXResourcesBuildPhase section */
		065DD78428826C0600AFE5D8 /* Resources */ = {
			isa = PBXResourcesBuildPhase;
			buildActionMask = 2147483647;
			files = (
				065DD7C728828C0B00AFE5D8 /* deliveries.json in Resources */,
				065DD79928826C0800AFE5D8 /* LaunchScreen.storyboard in Resources */,
				065DD79628826C0800AFE5D8 /* Assets.xcassets in Resources */,
			);
			runOnlyForDeploymentPostprocessing = 0;
		};
		065DD79D28826C0900AFE5D8 /* Resources */ = {
			isa = PBXResourcesBuildPhase;
			buildActionMask = 2147483647;
			files = (
			);
			runOnlyForDeploymentPostprocessing = 0;
		};
		065DD7A728826C0900AFE5D8 /* Resources */ = {
			isa = PBXResourcesBuildPhase;
			buildActionMask = 2147483647;
			files = (
			);
			runOnlyForDeploymentPostprocessing = 0;
		};
/* End PBXResourcesBuildPhase section */

/* Begin PBXSourcesBuildPhase section */
		065DD78228826C0600AFE5D8 /* Sources */ = {
			isa = PBXSourcesBuildPhase;
			buildActionMask = 2147483647;
			files = (
				065DD7D22882985E00AFE5D8 /* NetworkService.swift in Sources */,
				065DD78E28826C0600AFE5D8 /* MyDeliveryViewController.swift in Sources */,
				065DD7C42882890700AFE5D8 /* MyDeliveryService.swift in Sources */,
				065DD78A28826C0600AFE5D8 /* AppDelegate.swift in Sources */,
				0671E9122882F3DF003190D9 /* Extension.swift in Sources */,
				065DD7CD2882920000AFE5D8 /* MyDeliveryModel.swift in Sources */,
				0671E9102882ECAF003190D9 /* MyDeliveryTableViewCell.swift in Sources */,
				0671E9142883AB60003190D9 /* MyDeliveryCellModel.swift in Sources */,
				065DD79428826C0600AFE5D8 /* DeliveryDisplay.xcdatamodeld in Sources */,
				065DD7CA2882912D00AFE5D8 /* Constants.swift in Sources */,
				065DD7C2288288F400AFE5D8 /* MyDeliveryViewModel.swift in Sources */,
				065DD78C28826C0600AFE5D8 /* SceneDelegate.swift in Sources */,
			);
			runOnlyForDeploymentPostprocessing = 0;
		};
		065DD79B28826C0900AFE5D8 /* Sources */ = {
			isa = PBXSourcesBuildPhase;
			buildActionMask = 2147483647;
			files = (
				065DD7A428826C0900AFE5D8 /* DeliveryDisplayTests.swift in Sources */,
			);
			runOnlyForDeploymentPostprocessing = 0;
		};
		065DD7A528826C0900AFE5D8 /* Sources */ = {
			isa = PBXSourcesBuildPhase;
			buildActionMask = 2147483647;
			files = (
				065DD7AE28826C0900AFE5D8 /* DeliveryDisplayUITests.swift in Sources */,
				065DD7B028826C0900AFE5D8 /* DeliveryDisplayUITestsLaunchTests.swift in Sources */,
			);
			runOnlyForDeploymentPostprocessing = 0;
		};
/* End PBXSourcesBuildPhase section */

/* Begin PBXTargetDependency section */
		065DD7A128826C0900AFE5D8 /* PBXTargetDependency */ = {
			isa = PBXTargetDependency;
			target = 065DD78528826C0600AFE5D8 /* DeliveryDisplay */;
			targetProxy = 065DD7A028826C0900AFE5D8 /* PBXContainerItemProxy */;
		};
		065DD7AB28826C0900AFE5D8 /* PBXTargetDependency */ = {
			isa = PBXTargetDependency;
			target = 065DD78528826C0600AFE5D8 /* DeliveryDisplay */;
			targetProxy = 065DD7AA28826C0900AFE5D8 /* PBXContainerItemProxy */;
		};
/* End PBXTargetDependency section */

/* Begin PBXVariantGroup section */
		065DD79728826C0800AFE5D8 /* LaunchScreen.storyboard */ = {
			isa = PBXVariantGroup;
			children = (
				065DD79828826C0800AFE5D8 /* Base */,
			);
			name = LaunchScreen.storyboard;
			sourceTree = "<group>";
		};
/* End PBXVariantGroup section */

/* Begin XCBuildConfiguration section */
		065DD7B128826C0900AFE5D8 /* Debug */ = {
			isa = XCBuildConfiguration;
			buildSettings = {
				ALWAYS_SEARCH_USER_PATHS = NO;
				CLANG_ANALYZER_NONNULL = YES;
				CLANG_ANALYZER_NUMBER_OBJECT_CONVERSION = YES_AGGRESSIVE;
				CLANG_CXX_LANGUAGE_STANDARD = "gnu++17";
				CLANG_CXX_LIBRARY = "libc++";
				CLANG_ENABLE_MODULES = YES;
				CLANG_ENABLE_OBJC_ARC = YES;
				CLANG_ENABLE_OBJC_WEAK = YES;
				CLANG_WARN_BLOCK_CAPTURE_AUTORELEASING = YES;
				CLANG_WARN_BOOL_CONVERSION = YES;
				CLANG_WARN_COMMA = YES;
				CLANG_WARN_CONSTANT_CONVERSION = YES;
				CLANG_WARN_DEPRECATED_OBJC_IMPLEMENTATIONS = YES;
				CLANG_WARN_DIRECT_OBJC_ISA_USAGE = YES_ERROR;
				CLANG_WARN_DOCUMENTATION_COMMENTS = YES;
				CLANG_WARN_EMPTY_BODY = YES;
				CLANG_WARN_ENUM_CONVERSION = YES;
				CLANG_WARN_INFINITE_RECURSION = YES;
				CLANG_WARN_INT_CONVERSION = YES;
				CLANG_WARN_NON_LITERAL_NULL_CONVERSION = YES;
				CLANG_WARN_OBJC_IMPLICIT_RETAIN_SELF = YES;
				CLANG_WARN_OBJC_LITERAL_CONVERSION = YES;
				CLANG_WARN_OBJC_ROOT_CLASS = YES_ERROR;
				CLANG_WARN_QUOTED_INCLUDE_IN_FRAMEWORK_HEADER = YES;
				CLANG_WARN_RANGE_LOOP_ANALYSIS = YES;
				CLANG_WARN_STRICT_PROTOTYPES = YES;
				CLANG_WARN_SUSPICIOUS_MOVE = YES;
				CLANG_WARN_UNGUARDED_AVAILABILITY = YES_AGGRESSIVE;
				CLANG_WARN_UNREACHABLE_CODE = YES;
				CLANG_WARN__DUPLICATE_METHOD_MATCH = YES;
				COPY_PHASE_STRIP = NO;
				DEBUG_INFORMATION_FORMAT = dwarf;
				ENABLE_STRICT_OBJC_MSGSEND = YES;
				ENABLE_TESTABILITY = YES;
				GCC_C_LANGUAGE_STANDARD = gnu11;
				GCC_DYNAMIC_NO_PIC = NO;
				GCC_NO_COMMON_BLOCKS = YES;
				GCC_OPTIMIZATION_LEVEL = 0;
				GCC_PREPROCESSOR_DEFINITIONS = (
					"DEBUG=1",
					"$(inherited)",
				);
				GCC_WARN_64_TO_32_BIT_CONVERSION = YES;
				GCC_WARN_ABOUT_RETURN_TYPE = YES_ERROR;
				GCC_WARN_UNDECLARED_SELECTOR = YES;
				GCC_WARN_UNINITIALIZED_AUTOS = YES_AGGRESSIVE;
				GCC_WARN_UNUSED_FUNCTION = YES;
				GCC_WARN_UNUSED_VARIABLE = YES;
				IPHONEOS_DEPLOYMENT_TARGET = 15.2;
				MTL_ENABLE_DEBUG_INFO = INCLUDE_SOURCE;
				MTL_FAST_MATH = YES;
				ONLY_ACTIVE_ARCH = YES;
				SDKROOT = iphoneos;
				SWIFT_ACTIVE_COMPILATION_CONDITIONS = DEBUG;
				SWIFT_OPTIMIZATION_LEVEL = "-Onone";
			};
			name = Debug;
		};
		065DD7B228826C0900AFE5D8 /* Release */ = {
			isa = XCBuildConfiguration;
			buildSettings = {
				ALWAYS_SEARCH_USER_PATHS = NO;
				CLANG_ANALYZER_NONNULL = YES;
				CLANG_ANALYZER_NUMBER_OBJECT_CONVERSION = YES_AGGRESSIVE;
				CLANG_CXX_LANGUAGE_STANDARD = "gnu++17";
				CLANG_CXX_LIBRARY = "libc++";
				CLANG_ENABLE_MODULES = YES;
				CLANG_ENABLE_OBJC_ARC = YES;
				CLANG_ENABLE_OBJC_WEAK = YES;
				CLANG_WARN_BLOCK_CAPTURE_AUTORELEASING = YES;
				CLANG_WARN_BOOL_CONVERSION = YES;
				CLANG_WARN_COMMA = YES;
				CLANG_WARN_CONSTANT_CONVERSION = YES;
				CLANG_WARN_DEPRECATED_OBJC_IMPLEMENTATIONS = YES;
				CLANG_WARN_DIRECT_OBJC_ISA_USAGE = YES_ERROR;
				CLANG_WARN_DOCUMENTATION_COMMENTS = YES;
				CLANG_WARN_EMPTY_BODY = YES;
				CLANG_WARN_ENUM_CONVERSION = YES;
				CLANG_WARN_INFINITE_RECURSION = YES;
				CLANG_WARN_INT_CONVERSION = YES;
				CLANG_WARN_NON_LITERAL_NULL_CONVERSION = YES;
				CLANG_WARN_OBJC_IMPLICIT_RETAIN_SELF = YES;
				CLANG_WARN_OBJC_LITERAL_CONVERSION = YES;
				CLANG_WARN_OBJC_ROOT_CLASS = YES_ERROR;
				CLANG_WARN_QUOTED_INCLUDE_IN_FRAMEWORK_HEADER = YES;
				CLANG_WARN_RANGE_LOOP_ANALYSIS = YES;
				CLANG_WARN_STRICT_PROTOTYPES = YES;
				CLANG_WARN_SUSPICIOUS_MOVE = YES;
				CLANG_WARN_UNGUARDED_AVAILABILITY = YES_AGGRESSIVE;
				CLANG_WARN_UNREACHABLE_CODE = YES;
				CLANG_WARN__DUPLICATE_METHOD_MATCH = YES;
				COPY_PHASE_STRIP = NO;
				DEBUG_INFORMATION_FORMAT = "dwarf-with-dsym";
				ENABLE_NS_ASSERTIONS = NO;
				ENABLE_STRICT_OBJC_MSGSEND = YES;
				GCC_C_LANGUAGE_STANDARD = gnu11;
				GCC_NO_COMMON_BLOCKS = YES;
				GCC_WARN_64_TO_32_BIT_CONVERSION = YES;
				GCC_WARN_ABOUT_RETURN_TYPE = YES_ERROR;
				GCC_WARN_UNDECLARED_SELECTOR = YES;
				GCC_WARN_UNINITIALIZED_AUTOS = YES_AGGRESSIVE;
				GCC_WARN_UNUSED_FUNCTION = YES;
				GCC_WARN_UNUSED_VARIABLE = YES;
				IPHONEOS_DEPLOYMENT_TARGET = 15.2;
				MTL_ENABLE_DEBUG_INFO = NO;
				MTL_FAST_MATH = YES;
				SDKROOT = iphoneos;
				SWIFT_COMPILATION_MODE = wholemodule;
				SWIFT_OPTIMIZATION_LEVEL = "-O";
				VALIDATE_PRODUCT = YES;
			};
			name = Release;
		};
		065DD7B428826C0900AFE5D8 /* Debug */ = {
			isa = XCBuildConfiguration;
			buildSettings = {
				ASSETCATALOG_COMPILER_APPICON_NAME = AppIcon;
				ASSETCATALOG_COMPILER_GLOBAL_ACCENT_COLOR_NAME = AccentColor;
				CODE_SIGN_STYLE = Automatic;
				CURRENT_PROJECT_VERSION = 1;
				DEVELOPMENT_TEAM = G4CQ46TQK6;
				GENERATE_INFOPLIST_FILE = YES;
				INFOPLIST_FILE = DeliveryDisplay/Info.plist;
				INFOPLIST_KEY_UIApplicationSupportsIndirectInputEvents = YES;
				INFOPLIST_KEY_UILaunchStoryboardName = LaunchScreen;
				INFOPLIST_KEY_UISupportedInterfaceOrientations_iPad = "UIInterfaceOrientationPortrait UIInterfaceOrientationPortraitUpsideDown UIInterfaceOrientationLandscapeLeft UIInterfaceOrientationLandscapeRight";
				INFOPLIST_KEY_UISupportedInterfaceOrientations_iPhone = "UIInterfaceOrientationPortrait UIInterfaceOrientationLandscapeLeft UIInterfaceOrientationLandscapeRight";
				IPHONEOS_DEPLOYMENT_TARGET = 13.0;
				LD_RUNPATH_SEARCH_PATHS = (
					"$(inherited)",
					"@executable_path/Frameworks",
				);
				MARKETING_VERSION = 1.0;
				PRODUCT_BUNDLE_IDENTIFIER = com.hsintzu.DeliveryDisplay;
				PRODUCT_NAME = "$(TARGET_NAME)";
				SWIFT_EMIT_LOC_STRINGS = YES;
				SWIFT_VERSION = 5.0;
				TARGETED_DEVICE_FAMILY = "1,2";
			};
			name = Debug;
		};
		065DD7B528826C0900AFE5D8 /* Release */ = {
			isa = XCBuildConfiguration;
			buildSettings = {
				ASSETCATALOG_COMPILER_APPICON_NAME = AppIcon;
				ASSETCATALOG_COMPILER_GLOBAL_ACCENT_COLOR_NAME = AccentColor;
				CODE_SIGN_STYLE = Automatic;
				CURRENT_PROJECT_VERSION = 1;
				DEVELOPMENT_TEAM = G4CQ46TQK6;
				GENERATE_INFOPLIST_FILE = YES;
				INFOPLIST_FILE = DeliveryDisplay/Info.plist;
				INFOPLIST_KEY_UIApplicationSupportsIndirectInputEvents = YES;
				INFOPLIST_KEY_UILaunchStoryboardName = LaunchScreen;
				INFOPLIST_KEY_UISupportedInterfaceOrientations_iPad = "UIInterfaceOrientationPortrait UIInterfaceOrientationPortraitUpsideDown UIInterfaceOrientationLandscapeLeft UIInterfaceOrientationLandscapeRight";
				INFOPLIST_KEY_UISupportedInterfaceOrientations_iPhone = "UIInterfaceOrientationPortrait UIInterfaceOrientationLandscapeLeft UIInterfaceOrientationLandscapeRight";
				IPHONEOS_DEPLOYMENT_TARGET = 13.0;
				LD_RUNPATH_SEARCH_PATHS = (
					"$(inherited)",
					"@executable_path/Frameworks",
				);
				MARKETING_VERSION = 1.0;
				PRODUCT_BUNDLE_IDENTIFIER = com.hsintzu.DeliveryDisplay;
				PRODUCT_NAME = "$(TARGET_NAME)";
				SWIFT_EMIT_LOC_STRINGS = YES;
				SWIFT_VERSION = 5.0;
				TARGETED_DEVICE_FAMILY = "1,2";
			};
			name = Release;
		};
		065DD7B728826C0900AFE5D8 /* Debug */ = {
			isa = XCBuildConfiguration;
			buildSettings = {
				ALWAYS_EMBED_SWIFT_STANDARD_LIBRARIES = YES;
				BUNDLE_LOADER = "$(TEST_HOST)";
				CODE_SIGN_STYLE = Automatic;
				CURRENT_PROJECT_VERSION = 1;
				DEVELOPMENT_TEAM = G4CQ46TQK6;
				GENERATE_INFOPLIST_FILE = YES;
				IPHONEOS_DEPLOYMENT_TARGET = 15.2;
				MARKETING_VERSION = 1.0;
				PRODUCT_BUNDLE_IDENTIFIER = com.hsintzu.DeliveryDisplayTests;
				PRODUCT_NAME = "$(TARGET_NAME)";
				SWIFT_EMIT_LOC_STRINGS = NO;
				SWIFT_VERSION = 5.0;
				TARGETED_DEVICE_FAMILY = "1,2";
				TEST_HOST = "$(BUILT_PRODUCTS_DIR)/DeliveryDisplay.app/DeliveryDisplay";
			};
			name = Debug;
		};
		065DD7B828826C0900AFE5D8 /* Release */ = {
			isa = XCBuildConfiguration;
			buildSettings = {
				ALWAYS_EMBED_SWIFT_STANDARD_LIBRARIES = YES;
				BUNDLE_LOADER = "$(TEST_HOST)";
				CODE_SIGN_STYLE = Automatic;
				CURRENT_PROJECT_VERSION = 1;
				DEVELOPMENT_TEAM = G4CQ46TQK6;
				GENERATE_INFOPLIST_FILE = YES;
				IPHONEOS_DEPLOYMENT_TARGET = 15.2;
				MARKETING_VERSION = 1.0;
				PRODUCT_BUNDLE_IDENTIFIER = com.hsintzu.DeliveryDisplayTests;
				PRODUCT_NAME = "$(TARGET_NAME)";
				SWIFT_EMIT_LOC_STRINGS = NO;
				SWIFT_VERSION = 5.0;
				TARGETED_DEVICE_FAMILY = "1,2";
				TEST_HOST = "$(BUILT_PRODUCTS_DIR)/DeliveryDisplay.app/DeliveryDisplay";
			};
			name = Release;
		};
		065DD7BA28826C0900AFE5D8 /* Debug */ = {
			isa = XCBuildConfiguration;
			buildSettings = {
				ALWAYS_EMBED_SWIFT_STANDARD_LIBRARIES = YES;
				CODE_SIGN_STYLE = Automatic;
				CURRENT_PROJECT_VERSION = 1;
				DEVELOPMENT_TEAM = G4CQ46TQK6;
				GENERATE_INFOPLIST_FILE = YES;
				MARKETING_VERSION = 1.0;
				PRODUCT_BUNDLE_IDENTIFIER = com.hsintzu.DeliveryDisplayUITests;
				PRODUCT_NAME = "$(TARGET_NAME)";
				SWIFT_EMIT_LOC_STRINGS = NO;
				SWIFT_VERSION = 5.0;
				TARGETED_DEVICE_FAMILY = "1,2";
				TEST_TARGET_NAME = DeliveryDisplay;
			};
			name = Debug;
		};
		065DD7BB28826C0900AFE5D8 /* Release */ = {
			isa = XCBuildConfiguration;
			buildSettings = {
				ALWAYS_EMBED_SWIFT_STANDARD_LIBRARIES = YES;
				CODE_SIGN_STYLE = Automatic;
				CURRENT_PROJECT_VERSION = 1;
				DEVELOPMENT_TEAM = G4CQ46TQK6;
				GENERATE_INFOPLIST_FILE = YES;
				MARKETING_VERSION = 1.0;
				PRODUCT_BUNDLE_IDENTIFIER = com.hsintzu.DeliveryDisplayUITests;
				PRODUCT_NAME = "$(TARGET_NAME)";
				SWIFT_EMIT_LOC_STRINGS = NO;
				SWIFT_VERSION = 5.0;
				TARGETED_DEVICE_FAMILY = "1,2";
				TEST_TARGET_NAME = DeliveryDisplay;
			};
			name = Release;
		};
/* End XCBuildConfiguration section */

/* Begin XCConfigurationList section */
		065DD78128826C0600AFE5D8 /* Build configuration list for PBXProject "DeliveryDisplay" */ = {
			isa = XCConfigurationList;
			buildConfigurations = (
				065DD7B128826C0900AFE5D8 /* Debug */,
				065DD7B228826C0900AFE5D8 /* Release */,
			);
			defaultConfigurationIsVisible = 0;
			defaultConfigurationName = Release;
		};
		065DD7B328826C0900AFE5D8 /* Build configuration list for PBXNativeTarget "DeliveryDisplay" */ = {
			isa = XCConfigurationList;
			buildConfigurations = (
				065DD7B428826C0900AFE5D8 /* Debug */,
				065DD7B528826C0900AFE5D8 /* Release */,
			);
			defaultConfigurationIsVisible = 0;
			defaultConfigurationName = Release;
		};
		065DD7B628826C0900AFE5D8 /* Build configuration list for PBXNativeTarget "DeliveryDisplayTests" */ = {
			isa = XCConfigurationList;
			buildConfigurations = (
				065DD7B728826C0900AFE5D8 /* Debug */,
				065DD7B828826C0900AFE5D8 /* Release */,
			);
			defaultConfigurationIsVisible = 0;
			defaultConfigurationName = Release;
		};
		065DD7B928826C0900AFE5D8 /* Build configuration list for PBXNativeTarget "DeliveryDisplayUITests" */ = {
			isa = XCConfigurationList;
			buildConfigurations = (
				065DD7BA28826C0900AFE5D8 /* Debug */,
				065DD7BB28826C0900AFE5D8 /* Release */,
			);
			defaultConfigurationIsVisible = 0;
			defaultConfigurationName = Release;
		};
/* End XCConfigurationList section */

/* Begin XCVersionGroup section */
		065DD79228826C0600AFE5D8 /* DeliveryDisplay.xcdatamodeld */ = {
			isa = XCVersionGroup;
			children = (
				065DD79328826C0600AFE5D8 /* DeliveryDisplay.xcdatamodel */,
			);
			currentVersion = 065DD79328826C0600AFE5D8 /* DeliveryDisplay.xcdatamodel */;
			path = DeliveryDisplay.xcdatamodeld;
			sourceTree = "<group>";
			versionGroupType = wrapper.xcdatamodel;
		};
/* End XCVersionGroup section */
	};
	rootObject = 065DD77E28826C0600AFE5D8 /* Project object */;
}
